
Microsoft Visual Studio Solution File, Format Version 12.00
# Visual Studio Version 17
VisualStudioVersion = 17.5.33414.496
MinimumVisualStudioVersion = 10.0.40219.1
Project("{FAE04EC0-301F-11D3-BF4B-00C04F79EFBC}") = "Person", "Person\Person.csproj", "{CCA121FD-73E1-43FA-A417-60BE3EDB2FD1}"
EndProject
Project("{FAE04EC0-301F-11D3-BF4B-00C04F79EFBC}") = "Zoo", "Zoo\Zoo.csproj", "{AA9F563C-E338-4EF8-AA64-46F386C6056E}"
EndProject
Project("{FAE04EC0-301F-11D3-BF4B-00C04F79EFBC}") = "PlayersAndMonsters", "PlayersAndMonsters\PlayersAndMonsters.csproj", "{4E8B0F73-196B-4268-A04E-E99B0694A04B}"
EndProject
Project("{FAE04EC0-301F-11D3-BF4B-00C04F79EFBC}") = "NeedForSpeed", "NeedForSpeed\NeedForSpeed.csproj", "{1163498F-A969-4C64-AF3B-A550BADD7301}"
EndProject
Project("{FAE04EC0-301F-11D3-BF4B-00C04F79EFBC}") = "Restaurant", "Resturant\Restaurant.csproj", "{B110DE84-0239-488F-9AE8-04E08C2BC623}"
EndProject
Global
	GlobalSection(SolutionConfigurationPlatforms) = preSolution
		Debug|Any CPU = Debug|Any CPU
		Release|Any CPU = Release|Any CPU
	EndGlobalSection
	GlobalSection(ProjectConfigurationPlatforms) = postSolution
		{CCA121FD-73E1-43FA-A417-60BE3EDB2FD1}.Debug|Any CPU.ActiveCfg = Debug|Any CPU
		{CCA121FD-73E1-43FA-A417-60BE3EDB2FD1}.Debug|Any CPU.Build.0 = Debug|Any CPU
		{CCA121FD-73E1-43FA-A417-60BE3EDB2FD1}.Release|Any CPU.ActiveCfg = Release|Any CPU
		{CCA121FD-73E1-43FA-A417-60BE3EDB2FD1}.Release|Any CPU.Build.0 = Release|Any CPU
		{AA9F563C-E338-4EF8-AA64-46F386C6056E}.Debug|Any CPU.ActiveCfg = Debug|Any CPU
		{AA9F563C-E338-4EF8-AA64-46F386C6056E}.Debug|Any CPU.Build.0 = Debug|Any CPU
		{AA9F563C-E338-4EF8-AA64-46F386C6056E}.Release|Any CPU.ActiveCfg = Release|Any CPU
		{AA9F563C-E338-4EF8-AA64-46F386C6056E}.Release|Any CPU.Build.0 = Release|Any CPU
		{4E8B0F73-196B-4268-A04E-E99B0694A04B}.Debug|Any CPU.ActiveCfg = Debug|Any CPU
		{4E8B0F73-196B-4268-A04E-E99B0694A04B}.Debug|Any CPU.Build.0 = Debug|Any CPU
		{4E8B0F73-196B-4268-A04E-E99B0694A04B}.Release|Any CPU.ActiveCfg = Release|Any CPU
		{4E8B0F73-196B-4268-A04E-E99B0694A04B}.Release|Any CPU.Build.0 = Release|Any CPU
		{1163498F-A969-4C64-AF3B-A550BADD7301}.Debug|Any CPU.ActiveCfg = Debug|Any CPU
		{1163498F-A969-4C64-AF3B-A550BADD7301}.Debug|Any CPU.Build.0 = Debug|Any CPU
		{1163498F-A969-4C64-AF3B-A550BADD7301}.Release|Any CPU.ActiveCfg = Release|Any CPU
		{1163498F-A969-4C64-AF3B-A550BADD7301}.Release|Any CPU.Build.0 = Release|Any CPU
		{B110DE84-0239-488F-9AE8-04E08C2BC623}.Debug|Any CPU.ActiveCfg = Debug|Any CPU
		{B110DE84-0239-488F-9AE8-04E08C2BC623}.Debug|Any CPU.Build.0 = Debug|Any CPU
		{B110DE84-0239-488F-9AE8-04E08C2BC623}.Release|Any CPU.ActiveCfg = Release|Any CPU
		{B110DE84-0239-488F-9AE8-04E08C2BC623}.Release|Any CPU.Build.0 = Release|Any CPU
	EndGlobalSection
	GlobalSection(SolutionProperties) = preSolution
		HideSolutionNode = FALSE
	EndGlobalSection
	GlobalSection(ExtensibilityGlobals) = postSolution
		SolutionGuid = {C884047C-5A18-4947-80AB-84A054BDE831}
	EndGlobalSection
EndGlobal
