
Microsoft Visual Studio Solution File, Format Version 12.00
# Visual Studio Version 17
VisualStudioVersion = 17.5.33414.496
MinimumVisualStudioVersion = 10.0.40219.1
Project("{9A19103F-16F7-4668-BE54-9A1E7A4F7556}") = "ClassBoxData", "ClassBoxData\ClassBoxData.csproj", "{19EBFF44-21E4-47E4-AC32-A21A57CD34CA}"
EndProject
Project("{9A19103F-16F7-4668-BE54-9A1E7A4F7556}") = "AnimalFarm", "AnimalFarm\AnimalFarm.csproj", "{28EAF0ED-DE40-4CD1-8EF1-CA9582A56127}"
EndProject
Project("{9A19103F-16F7-4668-BE54-9A1E7A4F7556}") = "ShoppingSpree", "ShoppingSpree\ShoppingSpree.csproj", "{135041EB-D901-4EA4-8323-CA3773C2F3C2}"
EndProject
Project("{9A19103F-16F7-4668-BE54-9A1E7A4F7556}") = "PizzaCalories", "PizzaCalories\PizzaCalories.csproj", "{455BAF66-76D8-4FA6-9942-398AEF961097}"
EndProject
Project("{FAE04EC0-301F-11D3-BF4B-00C04F79EFBC}") = "FootballTeamGenerator", "FootballTeamGenerator\FootballTeamGenerator.csproj", "{30BAFE78-7EBE-4D24-96F4-1EB8694F95EE}"
EndProject
Global
	GlobalSection(SolutionConfigurationPlatforms) = preSolution
		Debug|Any CPU = Debug|Any CPU
		Release|Any CPU = Release|Any CPU
	EndGlobalSection
	GlobalSection(ProjectConfigurationPlatforms) = postSolution
		{19EBFF44-21E4-47E4-AC32-A21A57CD34CA}.Debug|Any CPU.ActiveCfg = Debug|Any CPU
		{19EBFF44-21E4-47E4-AC32-A21A57CD34CA}.Debug|Any CPU.Build.0 = Debug|Any CPU
		{19EBFF44-21E4-47E4-AC32-A21A57CD34CA}.Release|Any CPU.ActiveCfg = Release|Any CPU
		{19EBFF44-21E4-47E4-AC32-A21A57CD34CA}.Release|Any CPU.Build.0 = Release|Any CPU
		{28EAF0ED-DE40-4CD1-8EF1-CA9582A56127}.Debug|Any CPU.ActiveCfg = Debug|Any CPU
		{28EAF0ED-DE40-4CD1-8EF1-CA9582A56127}.Debug|Any CPU.Build.0 = Debug|Any CPU
		{28EAF0ED-DE40-4CD1-8EF1-CA9582A56127}.Release|Any CPU.ActiveCfg = Release|Any CPU
		{28EAF0ED-DE40-4CD1-8EF1-CA9582A56127}.Release|Any CPU.Build.0 = Release|Any CPU
		{135041EB-D901-4EA4-8323-CA3773C2F3C2}.Debug|Any CPU.ActiveCfg = Debug|Any CPU
		{135041EB-D901-4EA4-8323-CA3773C2F3C2}.Debug|Any CPU.Build.0 = Debug|Any CPU
		{135041EB-D901-4EA4-8323-CA3773C2F3C2}.Release|Any CPU.ActiveCfg = Release|Any CPU
		{135041EB-D901-4EA4-8323-CA3773C2F3C2}.Release|Any CPU.Build.0 = Release|Any CPU
		{455BAF66-76D8-4FA6-9942-398AEF961097}.Debug|Any CPU.ActiveCfg = Debug|Any CPU
		{455BAF66-76D8-4FA6-9942-398AEF961097}.Debug|Any CPU.Build.0 = Debug|Any CPU
		{455BAF66-76D8-4FA6-9942-398AEF961097}.Release|Any CPU.ActiveCfg = Release|Any CPU
		{455BAF66-76D8-4FA6-9942-398AEF961097}.Release|Any CPU.Build.0 = Release|Any CPU
		{30BAFE78-7EBE-4D24-96F4-1EB8694F95EE}.Debug|Any CPU.ActiveCfg = Debug|Any CPU
		{30BAFE78-7EBE-4D24-96F4-1EB8694F95EE}.Debug|Any CPU.Build.0 = Debug|Any CPU
		{30BAFE78-7EBE-4D24-96F4-1EB8694F95EE}.Release|Any CPU.ActiveCfg = Release|Any CPU
		{30BAFE78-7EBE-4D24-96F4-1EB8694F95EE}.Release|Any CPU.Build.0 = Release|Any CPU
	EndGlobalSection
	GlobalSection(SolutionProperties) = preSolution
		HideSolutionNode = FALSE
	EndGlobalSection
	GlobalSection(ExtensibilityGlobals) = postSolution
		SolutionGuid = {663A5A05-0E66-4D3B-BF99-17C8F0CF0E1E}
	EndGlobalSection
EndGlobal
