
Microsoft Visual Studio Solution File, Format Version 12.00
# Visual Studio Version 17
VisualStudioVersion = 17.5.33414.496
MinimumVisualStudioVersion = 10.0.40219.1
Project("{FAE04EC0-301F-11D3-BF4B-00C04F79EFBC}") = "MathOperations", "MathOperations\MathOperations.csproj", "{FDAD535F-B9C5-4072-A12A-E9F0C82B5B08}"
EndProject
Project("{FAE04EC0-301F-11D3-BF4B-00C04F79EFBC}") = "Animals", "Animals\Animals.csproj", "{DBDC8532-47C0-4BD6-ADC0-1C53D4D40883}"
EndProject
Project("{FAE04EC0-301F-11D3-BF4B-00C04F79EFBC}") = "Shapes", "Shapes\Shapes.csproj", "{23EC40D6-CAA7-4AC8-B827-5A17A83DCE0F}"
EndProject
Global
	GlobalSection(SolutionConfigurationPlatforms) = preSolution
		Debug|Any CPU = Debug|Any CPU
		Release|Any CPU = Release|Any CPU
	EndGlobalSection
	GlobalSection(ProjectConfigurationPlatforms) = postSolution
		{FDAD535F-B9C5-4072-A12A-E9F0C82B5B08}.Debug|Any CPU.ActiveCfg = Debug|Any CPU
		{FDAD535F-B9C5-4072-A12A-E9F0C82B5B08}.Debug|Any CPU.Build.0 = Debug|Any CPU
		{FDAD535F-B9C5-4072-A12A-E9F0C82B5B08}.Release|Any CPU.ActiveCfg = Release|Any CPU
		{FDAD535F-B9C5-4072-A12A-E9F0C82B5B08}.Release|Any CPU.Build.0 = Release|Any CPU
		{DBDC8532-47C0-4BD6-ADC0-1C53D4D40883}.Debug|Any CPU.ActiveCfg = Debug|Any CPU
		{DBDC8532-47C0-4BD6-ADC0-1C53D4D40883}.Debug|Any CPU.Build.0 = Debug|Any CPU
		{DBDC8532-47C0-4BD6-ADC0-1C53D4D40883}.Release|Any CPU.ActiveCfg = Release|Any CPU
		{DBDC8532-47C0-4BD6-ADC0-1C53D4D40883}.Release|Any CPU.Build.0 = Release|Any CPU
		{23EC40D6-CAA7-4AC8-B827-5A17A83DCE0F}.Debug|Any CPU.ActiveCfg = Debug|Any CPU
		{23EC40D6-CAA7-4AC8-B827-5A17A83DCE0F}.Debug|Any CPU.Build.0 = Debug|Any CPU
		{23EC40D6-CAA7-4AC8-B827-5A17A83DCE0F}.Release|Any CPU.ActiveCfg = Release|Any CPU
		{23EC40D6-CAA7-4AC8-B827-5A17A83DCE0F}.Release|Any CPU.Build.0 = Release|Any CPU
	EndGlobalSection
	GlobalSection(SolutionProperties) = preSolution
		HideSolutionNode = FALSE
	EndGlobalSection
	GlobalSection(ExtensibilityGlobals) = postSolution
		SolutionGuid = {033316B6-9649-4370-9644-AF93EDCFCFB2}
	EndGlobalSection
EndGlobal
